// !$*UTF8*$!
{
	archiveVersion = 1;
	classes = {
	};
	objectVersion = 56;
	objects = {

/* Begin PBXBuildFile section */
		27062D3229E9C25E006F714C /* UIApplication.swift in Sources */ = {isa = PBXBuildFile; fileRef = 27062D3129E9C25E006F714C /* UIApplication.swift */; };
		27062D3629EAA8E6006F714C /* DetailsViewModel.swift in Sources */ = {isa = PBXBuildFile; fileRef = 27062D3529EAA8E6006F714C /* DetailsViewModel.swift */; };
		27204F6929EC7F5700A9AD18 /* Color.swift in Sources */ = {isa = PBXBuildFile; fileRef = 27204F6829EC7F5700A9AD18 /* Color.swift */; };
		27204F7129EC8E5000A9AD18 /* CircleButtonView.swift in Sources */ = {isa = PBXBuildFile; fileRef = 27204F7029EC8E5000A9AD18 /* CircleButtonView.swift */; };
		27204F7329EC98A800A9AD18 /* CellView.swift in Sources */ = {isa = PBXBuildFile; fileRef = 27204F7229EC98A800A9AD18 /* CellView.swift */; };
		27204F7529ECAB5200A9AD18 /* ToolBarView.swift in Sources */ = {isa = PBXBuildFile; fileRef = 27204F7429ECAB5200A9AD18 /* ToolBarView.swift */; };
		27204F7729ECB3A300A9AD18 /* PreviewProvider.swift in Sources */ = {isa = PBXBuildFile; fileRef = 27204F7629ECB3A300A9AD18 /* PreviewProvider.swift */; };
		276ADD0F29E9B21900B8121B /* SearchBarView.swift in Sources */ = {isa = PBXBuildFile; fileRef = 276ADD0E29E9B21900B8121B /* SearchBarView.swift */; };
		279DCDD529E6D79000E11D16 /* MovieRentUIApp.swift in Sources */ = {isa = PBXBuildFile; fileRef = 279DCDD429E6D79000E11D16 /* MovieRentUIApp.swift */; };
		279DCDD729E6D79000E11D16 /* LaunchView.swift in Sources */ = {isa = PBXBuildFile; fileRef = 279DCDD629E6D79000E11D16 /* LaunchView.swift */; };
		279DCDD929E6D79500E11D16 /* Assets.xcassets in Resources */ = {isa = PBXBuildFile; fileRef = 279DCDD829E6D79500E11D16 /* Assets.xcassets */; };
		279DCDDC29E6D79500E11D16 /* Preview Assets.xcassets in Resources */ = {isa = PBXBuildFile; fileRef = 279DCDDB29E6D79500E11D16 /* Preview Assets.xcassets */; };
		279DCDE929E6D8BB00E11D16 /* RequestManager.swift in Sources */ = {isa = PBXBuildFile; fileRef = 279DCDE829E6D8BB00E11D16 /* RequestManager.swift */; };
		279DCDEB29E6D8CA00E11D16 /* DataManager.swift in Sources */ = {isa = PBXBuildFile; fileRef = 279DCDEA29E6D8CA00E11D16 /* DataManager.swift */; };
		279DCDED29E6D8D700E11D16 /* URLManager.swift in Sources */ = {isa = PBXBuildFile; fileRef = 279DCDEC29E6D8D700E11D16 /* URLManager.swift */; };
		279DCDEF29E6D8E400E11D16 /* ErrorManager.swift in Sources */ = {isa = PBXBuildFile; fileRef = 279DCDEE29E6D8E400E11D16 /* ErrorManager.swift */; };
		279DCDF329E7FBE700E11D16 /* LaunchViewModel.swift in Sources */ = {isa = PBXBuildFile; fileRef = 279DCDF229E7FBE700E11D16 /* LaunchViewModel.swift */; };
		279DCDF529E7FD2500E11D16 /* AdvertisingView.swift in Sources */ = {isa = PBXBuildFile; fileRef = 279DCDF429E7FD2500E11D16 /* AdvertisingView.swift */; };
		279DCE0129E82C9300E11D16 /* HomeView.swift in Sources */ = {isa = PBXBuildFile; fileRef = 279DCE0029E82C9300E11D16 /* HomeView.swift */; };
		279DCE0329E9573A00E11D16 /* DetailsView.swift in Sources */ = {isa = PBXBuildFile; fileRef = 279DCE0229E9573A00E11D16 /* DetailsView.swift */; };
		279DCE0529E95CD900E11D16 /* HomeViewModel.swift in Sources */ = {isa = PBXBuildFile; fileRef = 279DCE0429E95CD900E11D16 /* HomeViewModel.swift */; };
		279E550229F1B2F9006A2211 /* TimeManager.swift in Sources */ = {isa = PBXBuildFile; fileRef = 279E550129F1B2F9006A2211 /* TimeManager.swift */; };
/* End PBXBuildFile section */

/* Begin PBXFileReference section */
		27062D3129E9C25E006F714C /* UIApplication.swift */ = {isa = PBXFileReference; lastKnownFileType = sourcecode.swift; path = UIApplication.swift; sourceTree = "<group>"; };
		27062D3529EAA8E6006F714C /* DetailsViewModel.swift */ = {isa = PBXFileReference; lastKnownFileType = sourcecode.swift; path = DetailsViewModel.swift; sourceTree = "<group>"; };
		27204F6829EC7F5700A9AD18 /* Color.swift */ = {isa = PBXFileReference; lastKnownFileType = sourcecode.swift; path = Color.swift; sourceTree = "<group>"; };
		27204F7029EC8E5000A9AD18 /* CircleButtonView.swift */ = {isa = PBXFileReference; lastKnownFileType = sourcecode.swift; path = CircleButtonView.swift; sourceTree = "<group>"; };
		27204F7229EC98A800A9AD18 /* CellView.swift */ = {isa = PBXFileReference; lastKnownFileType = sourcecode.swift; path = CellView.swift; sourceTree = "<group>"; };
		27204F7429ECAB5200A9AD18 /* ToolBarView.swift */ = {isa = PBXFileReference; lastKnownFileType = sourcecode.swift; path = ToolBarView.swift; sourceTree = "<group>"; };
		27204F7629ECB3A300A9AD18 /* PreviewProvider.swift */ = {isa = PBXFileReference; lastKnownFileType = sourcecode.swift; path = PreviewProvider.swift; sourceTree = "<group>"; };
		276ADD0E29E9B21900B8121B /* SearchBarView.swift */ = {isa = PBXFileReference; lastKnownFileType = sourcecode.swift; path = SearchBarView.swift; sourceTree = "<group>"; };
		279DCDD129E6D79000E11D16 /* MovieRentUI.app */ = {isa = PBXFileReference; explicitFileType = wrapper.application; includeInIndex = 0; path = MovieRentUI.app; sourceTree = BUILT_PRODUCTS_DIR; };
		279DCDD429E6D79000E11D16 /* MovieRentUIApp.swift */ = {isa = PBXFileReference; lastKnownFileType = sourcecode.swift; path = MovieRentUIApp.swift; sourceTree = "<group>"; };
		279DCDD629E6D79000E11D16 /* LaunchView.swift */ = {isa = PBXFileReference; lastKnownFileType = sourcecode.swift; path = LaunchView.swift; sourceTree = "<group>"; };
		279DCDD829E6D79500E11D16 /* Assets.xcassets */ = {isa = PBXFileReference; lastKnownFileType = folder.assetcatalog; path = Assets.xcassets; sourceTree = "<group>"; };
		279DCDDB29E6D79500E11D16 /* Preview Assets.xcassets */ = {isa = PBXFileReference; lastKnownFileType = folder.assetcatalog; path = "Preview Assets.xcassets"; sourceTree = "<group>"; };
		279DCDE829E6D8BB00E11D16 /* RequestManager.swift */ = {isa = PBXFileReference; lastKnownFileType = sourcecode.swift; path = RequestManager.swift; sourceTree = "<group>"; };
		279DCDEA29E6D8CA00E11D16 /* DataManager.swift */ = {isa = PBXFileReference; lastKnownFileType = sourcecode.swift; path = DataManager.swift; sourceTree = "<group>"; };
		279DCDEC29E6D8D700E11D16 /* URLManager.swift */ = {isa = PBXFileReference; lastKnownFileType = sourcecode.swift; path = URLManager.swift; sourceTree = "<group>"; };
		279DCDEE29E6D8E400E11D16 /* ErrorManager.swift */ = {isa = PBXFileReference; lastKnownFileType = sourcecode.swift; path = ErrorManager.swift; sourceTree = "<group>"; };
		279DCDF229E7FBE700E11D16 /* LaunchViewModel.swift */ = {isa = PBXFileReference; lastKnownFileType = sourcecode.swift; path = LaunchViewModel.swift; sourceTree = "<group>"; };
		279DCDF429E7FD2500E11D16 /* AdvertisingView.swift */ = {isa = PBXFileReference; lastKnownFileType = sourcecode.swift; path = AdvertisingView.swift; sourceTree = "<group>"; };
		279DCE0029E82C9300E11D16 /* HomeView.swift */ = {isa = PBXFileReference; lastKnownFileType = sourcecode.swift; path = HomeView.swift; sourceTree = "<group>"; };
		279DCE0229E9573A00E11D16 /* DetailsView.swift */ = {isa = PBXFileReference; lastKnownFileType = sourcecode.swift; path = DetailsView.swift; sourceTree = "<group>"; };
		279DCE0429E95CD900E11D16 /* HomeViewModel.swift */ = {isa = PBXFileReference; lastKnownFileType = sourcecode.swift; path = HomeViewModel.swift; sourceTree = "<group>"; };
		279E550129F1B2F9006A2211 /* TimeManager.swift */ = {isa = PBXFileReference; lastKnownFileType = sourcecode.swift; path = TimeManager.swift; sourceTree = "<group>"; };
/* End PBXFileReference section */

/* Begin PBXFrameworksBuildPhase section */
		279DCDCE29E6D79000E11D16 /* Frameworks */ = {
			isa = PBXFrameworksBuildPhase;
			buildActionMask = 2147483647;
			files = (
			);
			runOnlyForDeploymentPostprocessing = 0;
		};
/* End PBXFrameworksBuildPhase section */

/* Begin PBXGroup section */
		27204F6729EC7F3000A9AD18 /* Extentions */ = {
			isa = PBXGroup;
			children = (
				27062D3129E9C25E006F714C /* UIApplication.swift */,
				27204F6829EC7F5700A9AD18 /* Color.swift */,
				27204F7629ECB3A300A9AD18 /* PreviewProvider.swift */,
			);
			path = Extentions;
			sourceTree = "<group>";
		};
		27204F6A29EC8D1300A9AD18 /* Models */ = {
			isa = PBXGroup;
			children = (
				279DCDF229E7FBE700E11D16 /* LaunchViewModel.swift */,
			);
			path = Models;
			sourceTree = "<group>";
		};
		27204F6B29EC8D1A00A9AD18 /* View */ = {
			isa = PBXGroup;
			children = (
				279DCDD629E6D79000E11D16 /* LaunchView.swift */,
			);
			path = View;
			sourceTree = "<group>";
		};
		27204F6C29EC8D3C00A9AD18 /* View */ = {
			isa = PBXGroup;
			children = (
				279DCDF429E7FD2500E11D16 /* AdvertisingView.swift */,
			);
			path = View;
			sourceTree = "<group>";
		};
		27204F6D29EC8D5100A9AD18 /* View */ = {
			isa = PBXGroup;
			children = (
			);
			path = View;
			sourceTree = "<group>";
		};
		27204F6E29EC8D5800A9AD18 /* Models */ = {
			isa = PBXGroup;
			children = (
				279DCE0429E95CD900E11D16 /* HomeViewModel.swift */,
			);
			path = Models;
			sourceTree = "<group>";
		};
		27204F6F29EC8E0D00A9AD18 /* Components */ = {
			isa = PBXGroup;
			children = (
				276ADD0E29E9B21900B8121B /* SearchBarView.swift */,
				27204F7029EC8E5000A9AD18 /* CircleButtonView.swift */,
				27204F7229EC98A800A9AD18 /* CellView.swift */,
				27204F7429ECAB5200A9AD18 /* ToolBarView.swift */,
			);
			path = Components;
			sourceTree = "<group>";
		};
		279DCDC829E6D79000E11D16 = {
			isa = PBXGroup;
			children = (
				279DCDD329E6D79000E11D16 /* MovieRentUI */,
				279DCDD229E6D79000E11D16 /* Products */,
			);
			sourceTree = "<group>";
		};
		279DCDD229E6D79000E11D16 /* Products */ = {
			isa = PBXGroup;
			children = (
				279DCDD129E6D79000E11D16 /* MovieRentUI.app */,
			);
			name = Products;
			sourceTree = "<group>";
		};
		279DCDD329E6D79000E11D16 /* MovieRentUI */ = {
			isa = PBXGroup;
			children = (
				279DCDE429E6D81D00E11D16 /* Manager */,
				279DCDE229E6D7F500E11D16 /* MVVM */,
				279DCDD429E6D79000E11D16 /* MovieRentUIApp.swift */,
				27204F6729EC7F3000A9AD18 /* Extentions */,
				279DCDD829E6D79500E11D16 /* Assets.xcassets */,
				279DCDDA29E6D79500E11D16 /* Preview Content */,
			);
			path = MovieRentUI;
			sourceTree = "<group>";
		};
		279DCDDA29E6D79500E11D16 /* Preview Content */ = {
			isa = PBXGroup;
			children = (
				279DCDDB29E6D79500E11D16 /* Preview Assets.xcassets */,
			);
			path = "Preview Content";
			sourceTree = "<group>";
		};
		279DCDE229E6D7F500E11D16 /* MVVM */ = {
			isa = PBXGroup;
			children = (
				27204F6F29EC8E0D00A9AD18 /* Components */,
				279DCDE329E6D7FD00E11D16 /* Launch */,
				279DCDE529E6D82A00E11D16 /* Advertising */,
				279DCDE629E6D87A00E11D16 /* Home */,
				279DCDE729E6D88A00E11D16 /* Details */,
			);
			path = MVVM;
			sourceTree = "<group>";
		};
		279DCDE329E6D7FD00E11D16 /* Launch */ = {
			isa = PBXGroup;
			children = (
				27204F6B29EC8D1A00A9AD18 /* View */,
				27204F6A29EC8D1300A9AD18 /* Models */,
			);
			path = Launch;
			sourceTree = "<group>";
		};
		279DCDE429E6D81D00E11D16 /* Manager */ = {
			isa = PBXGroup;
			children = (
				279DCDE829E6D8BB00E11D16 /* RequestManager.swift */,
				279DCDEA29E6D8CA00E11D16 /* DataManager.swift */,
				279DCDEC29E6D8D700E11D16 /* URLManager.swift */,
				279DCDEE29E6D8E400E11D16 /* ErrorManager.swift */,
				279E550129F1B2F9006A2211 /* TimeManager.swift */,
			);
			path = Manager;
			sourceTree = "<group>";
		};
		279DCDE529E6D82A00E11D16 /* Advertising */ = {
			isa = PBXGroup;
			children = (
				27204F6C29EC8D3C00A9AD18 /* View */,
			);
			path = Advertising;
			sourceTree = "<group>";
		};
		279DCDE629E6D87A00E11D16 /* Home */ = {
			isa = PBXGroup;
			children = (
				27204F6E29EC8D5800A9AD18 /* Models */,
				27204F6D29EC8D5100A9AD18 /* View */,
				279DCE0029E82C9300E11D16 /* HomeView.swift */,
			);
			path = Home;
			sourceTree = "<group>";
		};
		279DCDE729E6D88A00E11D16 /* Details */ = {
			isa = PBXGroup;
			children = (
				279DCE0229E9573A00E11D16 /* DetailsView.swift */,
				27062D3529EAA8E6006F714C /* DetailsViewModel.swift */,
			);
			path = Details;
			sourceTree = "<group>";
		};
/* End PBXGroup section */

/* Begin PBXNativeTarget section */
		279DCDD029E6D79000E11D16 /* MovieRentUI */ = {
			isa = PBXNativeTarget;
			buildConfigurationList = 279DCDDF29E6D79500E11D16 /* Build configuration list for PBXNativeTarget "MovieRentUI" */;
			buildPhases = (
				279DCDCD29E6D79000E11D16 /* Sources */,
				279DCDCE29E6D79000E11D16 /* Frameworks */,
				279DCDCF29E6D79000E11D16 /* Resources */,
			);
			buildRules = (
			);
			dependencies = (
			);
			name = MovieRentUI;
			productName = MovieRentUI;
			productReference = 279DCDD129E6D79000E11D16 /* MovieRentUI.app */;
			productType = "com.apple.product-type.application";
		};
/* End PBXNativeTarget section */

/* Begin PBXProject section */
		279DCDC929E6D79000E11D16 /* Project object */ = {
			isa = PBXProject;
			attributes = {
				BuildIndependentTargetsInParallel = 1;
				LastSwiftUpdateCheck = 1420;
				LastUpgradeCheck = 1420;
				TargetAttributes = {
					279DCDD029E6D79000E11D16 = {
						CreatedOnToolsVersion = 14.2;
					};
				};
			};
			buildConfigurationList = 279DCDCC29E6D79000E11D16 /* Build configuration list for PBXProject "MovieRentUI" */;
			compatibilityVersion = "Xcode 14.0";
			developmentRegion = en;
			hasScannedForEncodings = 0;
			knownRegions = (
				en,
				Base,
			);
			mainGroup = 279DCDC829E6D79000E11D16;
			productRefGroup = 279DCDD229E6D79000E11D16 /* Products */;
			projectDirPath = "";
			projectRoot = "";
			targets = (
				279DCDD029E6D79000E11D16 /* MovieRentUI */,
			);
		};
/* End PBXProject section */

/* Begin PBXResourcesBuildPhase section */
		279DCDCF29E6D79000E11D16 /* Resources */ = {
			isa = PBXResourcesBuildPhase;
			buildActionMask = 2147483647;
			files = (
				279DCDDC29E6D79500E11D16 /* Preview Assets.xcassets in Resources */,
				279DCDD929E6D79500E11D16 /* Assets.xcassets in Resources */,
			);
			runOnlyForDeploymentPostprocessing = 0;
		};
/* End PBXResourcesBuildPhase section */

/* Begin PBXSourcesBuildPhase section */
		279DCDCD29E6D79000E11D16 /* Sources */ = {
			isa = PBXSourcesBuildPhase;
			buildActionMask = 2147483647;
			files = (
				27204F7529ECAB5200A9AD18 /* ToolBarView.swift in Sources */,
				279DCDEF29E6D8E400E11D16 /* ErrorManager.swift in Sources */,
				27062D3629EAA8E6006F714C /* DetailsViewModel.swift in Sources */,
				279DCDD729E6D79000E11D16 /* LaunchView.swift in Sources */,
				279DCDEB29E6D8CA00E11D16 /* DataManager.swift in Sources */,
				279DCDE929E6D8BB00E11D16 /* RequestManager.swift in Sources */,
				279DCE0329E9573A00E11D16 /* DetailsView.swift in Sources */,
				279DCDED29E6D8D700E11D16 /* URLManager.swift in Sources */,
				27204F7329EC98A800A9AD18 /* CellView.swift in Sources */,
				279DCDF529E7FD2500E11D16 /* AdvertisingView.swift in Sources */,
				27204F6929EC7F5700A9AD18 /* Color.swift in Sources */,
				279DCDD529E6D79000E11D16 /* MovieRentUIApp.swift in Sources */,
				27204F7129EC8E5000A9AD18 /* CircleButtonView.swift in Sources */,
				27204F7729ECB3A300A9AD18 /* PreviewProvider.swift in Sources */,
				279DCE0529E95CD900E11D16 /* HomeViewModel.swift in Sources */,
				276ADD0F29E9B21900B8121B /* SearchBarView.swift in Sources */,
				279DCE0129E82C9300E11D16 /* HomeView.swift in Sources */,
				279DCDF329E7FBE700E11D16 /* LaunchViewModel.swift in Sources */,
				279E550229F1B2F9006A2211 /* TimeManager.swift in Sources */,
				27062D3229E9C25E006F714C /* UIApplication.swift in Sources */,
			);
			runOnlyForDeploymentPostprocessing = 0;
		};
/* End PBXSourcesBuildPhase section */

/* Begin XCBuildConfiguration section */
		279DCDDD29E6D79500E11D16 /* Debug */ = {
			isa = XCBuildConfiguration;
			buildSettings = {
				ALWAYS_SEARCH_USER_PATHS = NO;
				CLANG_ANALYZER_NONNULL = YES;
				CLANG_ANALYZER_NUMBER_OBJECT_CONVERSION = YES_AGGRESSIVE;
				CLANG_CXX_LANGUAGE_STANDARD = "gnu++20";
				CLANG_ENABLE_MODULES = YES;
				CLANG_ENABLE_OBJC_ARC = YES;
				CLANG_ENABLE_OBJC_WEAK = YES;
				CLANG_WARN_BLOCK_CAPTURE_AUTORELEASING = YES;
				CLANG_WARN_BOOL_CONVERSION = YES;
				CLANG_WARN_COMMA = YES;
				CLANG_WARN_CONSTANT_CONVERSION = YES;
				CLANG_WARN_DEPRECATED_OBJC_IMPLEMENTATIONS = YES;
				CLANG_WARN_DIRECT_OBJC_ISA_USAGE = YES_ERROR;
				CLANG_WARN_DOCUMENTATION_COMMENTS = YES;
				CLANG_WARN_EMPTY_BODY = YES;
				CLANG_WARN_ENUM_CONVERSION = YES;
				CLANG_WARN_INFINITE_RECURSION = YES;
				CLANG_WARN_INT_CONVERSION = YES;
				CLANG_WARN_NON_LITERAL_NULL_CONVERSION = YES;
				CLANG_WARN_OBJC_IMPLICIT_RETAIN_SELF = YES;
				CLANG_WARN_OBJC_LITERAL_CONVERSION = YES;
				CLANG_WARN_OBJC_ROOT_CLASS = YES_ERROR;
				CLANG_WARN_QUOTED_INCLUDE_IN_FRAMEWORK_HEADER = YES;
				CLANG_WARN_RANGE_LOOP_ANALYSIS = YES;
				CLANG_WARN_STRICT_PROTOTYPES = YES;
				CLANG_WARN_SUSPICIOUS_MOVE = YES;
				CLANG_WARN_UNGUARDED_AVAILABILITY = YES_AGGRESSIVE;
				CLANG_WARN_UNREACHABLE_CODE = YES;
				CLANG_WARN__DUPLICATE_METHOD_MATCH = YES;
				COPY_PHASE_STRIP = NO;
				DEBUG_INFORMATION_FORMAT = dwarf;
				ENABLE_STRICT_OBJC_MSGSEND = YES;
				ENABLE_TESTABILITY = YES;
				GCC_C_LANGUAGE_STANDARD = gnu11;
				GCC_DYNAMIC_NO_PIC = NO;
				GCC_NO_COMMON_BLOCKS = YES;
				GCC_OPTIMIZATION_LEVEL = 0;
				GCC_PREPROCESSOR_DEFINITIONS = (
					"DEBUG=1",
					"$(inherited)",
				);
				GCC_WARN_64_TO_32_BIT_CONVERSION = YES;
				GCC_WARN_ABOUT_RETURN_TYPE = YES_ERROR;
				GCC_WARN_UNDECLARED_SELECTOR = YES;
				GCC_WARN_UNINITIALIZED_AUTOS = YES_AGGRESSIVE;
				GCC_WARN_UNUSED_FUNCTION = YES;
				GCC_WARN_UNUSED_VARIABLE = YES;
				IPHONEOS_DEPLOYMENT_TARGET = 16.2;
				MTL_ENABLE_DEBUG_INFO = INCLUDE_SOURCE;
				MTL_FAST_MATH = YES;
				ONLY_ACTIVE_ARCH = YES;
				SDKROOT = iphoneos;
				SWIFT_ACTIVE_COMPILATION_CONDITIONS = DEBUG;
				SWIFT_OPTIMIZATION_LEVEL = "-Onone";
			};
			name = Debug;
		};
		279DCDDE29E6D79500E11D16 /* Release */ = {
			isa = XCBuildConfiguration;
			buildSettings = {
				ALWAYS_SEARCH_USER_PATHS = NO;
				CLANG_ANALYZER_NONNULL = YES;
				CLANG_ANALYZER_NUMBER_OBJECT_CONVERSION = YES_AGGRESSIVE;
				CLANG_CXX_LANGUAGE_STANDARD = "gnu++20";
				CLANG_ENABLE_MODULES = YES;
				CLANG_ENABLE_OBJC_ARC = YES;
				CLANG_ENABLE_OBJC_WEAK = YES;
				CLANG_WARN_BLOCK_CAPTURE_AUTORELEASING = YES;
				CLANG_WARN_BOOL_CONVERSION = YES;
				CLANG_WARN_COMMA = YES;
				CLANG_WARN_CONSTANT_CONVERSION = YES;
				CLANG_WARN_DEPRECATED_OBJC_IMPLEMENTATIONS = YES;
				CLANG_WARN_DIRECT_OBJC_ISA_USAGE = YES_ERROR;
				CLANG_WARN_DOCUMENTATION_COMMENTS = YES;
				CLANG_WARN_EMPTY_BODY = YES;
				CLANG_WARN_ENUM_CONVERSION = YES;
				CLANG_WARN_INFINITE_RECURSION = YES;
				CLANG_WARN_INT_CONVERSION = YES;
				CLANG_WARN_NON_LITERAL_NULL_CONVERSION = YES;
				CLANG_WARN_OBJC_IMPLICIT_RETAIN_SELF = YES;
				CLANG_WARN_OBJC_LITERAL_CONVERSION = YES;
				CLANG_WARN_OBJC_ROOT_CLASS = YES_ERROR;
				CLANG_WARN_QUOTED_INCLUDE_IN_FRAMEWORK_HEADER = YES;
				CLANG_WARN_RANGE_LOOP_ANALYSIS = YES;
				CLANG_WARN_STRICT_PROTOTYPES = YES;
				CLANG_WARN_SUSPICIOUS_MOVE = YES;
				CLANG_WARN_UNGUARDED_AVAILABILITY = YES_AGGRESSIVE;
				CLANG_WARN_UNREACHABLE_CODE = YES;
				CLANG_WARN__DUPLICATE_METHOD_MATCH = YES;
				COPY_PHASE_STRIP = NO;
				DEBUG_INFORMATION_FORMAT = "dwarf-with-dsym";
				ENABLE_NS_ASSERTIONS = NO;
				ENABLE_STRICT_OBJC_MSGSEND = YES;
				GCC_C_LANGUAGE_STANDARD = gnu11;
				GCC_NO_COMMON_BLOCKS = YES;
				GCC_WARN_64_TO_32_BIT_CONVERSION = YES;
				GCC_WARN_ABOUT_RETURN_TYPE = YES_ERROR;
				GCC_WARN_UNDECLARED_SELECTOR = YES;
				GCC_WARN_UNINITIALIZED_AUTOS = YES_AGGRESSIVE;
				GCC_WARN_UNUSED_FUNCTION = YES;
				GCC_WARN_UNUSED_VARIABLE = YES;
				IPHONEOS_DEPLOYMENT_TARGET = 16.2;
				MTL_ENABLE_DEBUG_INFO = NO;
				MTL_FAST_MATH = YES;
				SDKROOT = iphoneos;
				SWIFT_COMPILATION_MODE = wholemodule;
				SWIFT_OPTIMIZATION_LEVEL = "-O";
				VALIDATE_PRODUCT = YES;
			};
			name = Release;
		};
		279DCDE029E6D79500E11D16 /* Debug */ = {
			isa = XCBuildConfiguration;
			buildSettings = {
				ASSETCATALOG_COMPILER_APPICON_NAME = AppIcon;
				ASSETCATALOG_COMPILER_GLOBAL_ACCENT_COLOR_NAME = AccentColor;
				CODE_SIGN_STYLE = Automatic;
				CURRENT_PROJECT_VERSION = 1;
				DEVELOPMENT_ASSET_PATHS = "\"MovieRentUI/Preview Content\"";
				DEVELOPMENT_TEAM = BMVXYF7P3M;
				ENABLE_PREVIEWS = YES;
				GENERATE_INFOPLIST_FILE = YES;
				INFOPLIST_KEY_UIApplicationSceneManifest_Generation = YES;
				INFOPLIST_KEY_UIApplicationSupportsIndirectInputEvents = YES;
				INFOPLIST_KEY_UILaunchScreen_Generation = YES;
				INFOPLIST_KEY_UISupportedInterfaceOrientations_iPad = "UIInterfaceOrientationPortrait UIInterfaceOrientationPortraitUpsideDown UIInterfaceOrientationLandscapeLeft UIInterfaceOrientationLandscapeRight";
				INFOPLIST_KEY_UISupportedInterfaceOrientations_iPhone = "UIInterfaceOrientationPortrait UIInterfaceOrientationLandscapeLeft UIInterfaceOrientationLandscapeRight";
				LD_RUNPATH_SEARCH_PATHS = (
					"$(inherited)",
					"@executable_path/Frameworks",
				);
				MARKETING_VERSION = 1.0;
				PRODUCT_BUNDLE_IDENTIFIER = com.Kyrylos.MovieRentUI;
				PRODUCT_NAME = "$(TARGET_NAME)";
				SWIFT_EMIT_LOC_STRINGS = YES;
				SWIFT_VERSION = 5.0;
				TARGETED_DEVICE_FAMILY = "1,2";
			};
			name = Debug;
		};
		279DCDE129E6D79500E11D16 /* Release */ = {
			isa = XCBuildConfiguration;
			buildSettings = {
				ASSETCATALOG_COMPILER_APPICON_NAME = AppIcon;
				ASSETCATALOG_COMPILER_GLOBAL_ACCENT_COLOR_NAME = AccentColor;
				CODE_SIGN_STYLE = Automatic;
				CURRENT_PROJECT_VERSION = 1;
				DEVELOPMENT_ASSET_PATHS = "\"MovieRentUI/Preview Content\"";
				DEVELOPMENT_TEAM = BMVXYF7P3M;
				ENABLE_PREVIEWS = YES;
				GENERATE_INFOPLIST_FILE = YES;
				INFOPLIST_KEY_UIApplicationSceneManifest_Generation = YES;
				INFOPLIST_KEY_UIApplicationSupportsIndirectInputEvents = YES;
				INFOPLIST_KEY_UILaunchScreen_Generation = YES;
				INFOPLIST_KEY_UISupportedInterfaceOrientations_iPad = "UIInterfaceOrientationPortrait UIInterfaceOrientationPortraitUpsideDown UIInterfaceOrientationLandscapeLeft UIInterfaceOrientationLandscapeRight";
				INFOPLIST_KEY_UISupportedInterfaceOrientations_iPhone = "UIInterfaceOrientationPortrait UIInterfaceOrientationLandscapeLeft UIInterfaceOrientationLandscapeRight";
				LD_RUNPATH_SEARCH_PATHS = (
					"$(inherited)",
					"@executable_path/Frameworks",
				);
				MARKETING_VERSION = 1.0;
				PRODUCT_BUNDLE_IDENTIFIER = com.Kyrylos.MovieRentUI;
				PRODUCT_NAME = "$(TARGET_NAME)";
				SWIFT_EMIT_LOC_STRINGS = YES;
				SWIFT_VERSION = 5.0;
				TARGETED_DEVICE_FAMILY = "1,2";
			};
			name = Release;
		};
/* End XCBuildConfiguration section */

/* Begin XCConfigurationList section */
		279DCDCC29E6D79000E11D16 /* Build configuration list for PBXProject "MovieRentUI" */ = {
			isa = XCConfigurationList;
			buildConfigurations = (
				279DCDDD29E6D79500E11D16 /* Debug */,
				279DCDDE29E6D79500E11D16 /* Release */,
			);
			defaultConfigurationIsVisible = 0;
			defaultConfigurationName = Release;
		};
		279DCDDF29E6D79500E11D16 /* Build configuration list for PBXNativeTarget "MovieRentUI" */ = {
			isa = XCConfigurationList;
			buildConfigurations = (
				279DCDE029E6D79500E11D16 /* Debug */,
				279DCDE129E6D79500E11D16 /* Release */,
			);
			defaultConfigurationIsVisible = 0;
			defaultConfigurationName = Release;
		};
/* End XCConfigurationList section */
	};
	rootObject = 279DCDC929E6D79000E11D16 /* Project object */;
}
